
Microsoft Visual Studio Solution File, Format Version 12.00
# Visual Studio Version 17
VisualStudioVersion = 17.5.002.0
MinimumVisualStudioVersion = 10.0.40219.1
Project("{9A19103F-16F7-4668-BE54-9A1E7A4F7556}") = "새 폴더", "새 폴더.csproj", "{9762BE67-2D30-4621-92C1-78B3AEC74931}"
EndProject
Global
	GlobalSection(SolutionConfigurationPlatforms) = preSolution
		Debug|Any CPU = Debug|Any CPU
		Release|Any CPU = Release|Any CPU
	EndGlobalSection
	GlobalSection(ProjectConfigurationPlatforms) = postSolution
		{9762BE67-2D30-4621-92C1-78B3AEC74931}.Debug|Any CPU.ActiveCfg = Debug|Any CPU
		{9762BE67-2D30-4621-92C1-78B3AEC74931}.Debug|Any CPU.Build.0 = Debug|Any CPU
		{9762BE67-2D30-4621-92C1-78B3AEC74931}.Release|Any CPU.ActiveCfg = Release|Any CPU
		{9762BE67-2D30-4621-92C1-78B3AEC74931}.Release|Any CPU.Build.0 = Release|Any CPU
	EndGlobalSection
	GlobalSection(SolutionProperties) = preSolution
		HideSolutionNode = FALSE
	EndGlobalSection
	GlobalSection(ExtensibilityGlobals) = postSolution
		SolutionGuid = {933BFF84-5D28-43A6-B4DF-4726ED15CF3F}
	EndGlobalSection
EndGlobal
